github.com/GeertJohan/fgt v0.0.0-20160120143236-262f7b11eec0/go.mod h1:VTH/oZwsQNNdzVhP2R366GZGFfksyOchw5rcIj2QpLI=
github.com/jamesruan/sodium v1.0.14 h1:JfOHobip/lUWouxHV3PwYwu3gsLewPrDrZXO3HuBzUU=
github.com/jamesruan/sodium v1.0.14/go.mod h1:GK2+LACf7kuVQ9k7Irk0MB2B65j5rVqkz+9ylGIggZk=
golang.org/x/sys v0.0.0-20190204203706-41f3e6584952/go.mod h1:STP8DvDyc/dI5b8T5hshtkjS+E42TnysNCUPdjciGhY=
golang.org/x/tools v0.0.0-20190206221403-44bcb96178d3/go.mod h1:n7NCudcB/nEzxVGmLbDWY5pfWTLqBcC2KZ6jyYvM4mQ=
